
Microsoft Visual Studio Solution File, Format Version 12.00
# Visual Studio Version 17
VisualStudioVersion = 17.2.32630.192
MinimumVisualStudioVersion = 10.0.40219.1
Project("{FAE04EC0-301F-11D3-BF4B-00C04F79EFBC}") = "WebApplication5cicd", "WebApplication5cicd\WebApplication5cicd.csproj", "{4DDAB1C2-58A0-49B7-9DEE-8A61FB32B0F5}"
EndProject
Global
	GlobalSection(SolutionConfigurationPlatforms) = preSolution
		Debug|Any CPU = Debug|Any CPU
		Release|Any CPU = Release|Any CPU
	EndGlobalSection
	GlobalSection(ProjectConfigurationPlatforms) = postSolution
		{4DDAB1C2-58A0-49B7-9DEE-8A61FB32B0F5}.Debug|Any CPU.ActiveCfg = Debug|Any CPU
		{4DDAB1C2-58A0-49B7-9DEE-8A61FB32B0F5}.Debug|Any CPU.Build.0 = Debug|Any CPU
		{4DDAB1C2-58A0-49B7-9DEE-8A61FB32B0F5}.Release|Any CPU.ActiveCfg = Release|Any CPU
		{4DDAB1C2-58A0-49B7-9DEE-8A61FB32B0F5}.Release|Any CPU.Build.0 = Release|Any CPU
	EndGlobalSection
	GlobalSection(SolutionProperties) = preSolution
		HideSolutionNode = FALSE
	EndGlobalSection
	GlobalSection(ExtensibilityGlobals) = postSolution
		SolutionGuid = {74BC7CEF-39C8-441A-B091-72F947BBF50B}
	EndGlobalSection
EndGlobal
